{
  "object": {
    "pins": [
      {
        "package": "CocoaLumberjack",
        "repositoryURL": "https://github.com/CocoaLumberjack/CocoaLumberjack.git",
        "state": {
          "branch": null,
          "revision": "a9ed4b6f9bdedce7d77046f43adfb8ce1fd54114",
          "version": "3.9.0"
        }
      },
      {
        "package": "SVGKit",
        "repositoryURL": "https://github.com/SVGKit/SVGKit",
        "state": {
          "branch": null,
          "revision": "58152b9f7c85eab239160b36ffdfd364aa43d666",
          "version": "3.0.0"
        }
      },
      {
        "package": "swift-log",
        "repositoryURL": "https://github.com/apple/swift-log",
        "state": {
          "branch": null,
          "revision": "ce592ae52f982c847a4efc0dd881cc9eb32d29f2",
          "version": "1.6.4"
        }
      }
    ]
  },
  "version": 1
}
